
Microsoft Visual Studio Solution File, Format Version 12.00
# Visual Studio Version 16
VisualStudioVersion = 16.0.31005.135
MinimumVisualStudioVersion = 10.0.40219.1
Project("{FAE04EC0-301F-11D3-BF4B-00C04F79EFBC}") = "bART.WebAPI", "bART.WebAPI\bART.WebAPI.csproj", "{3D5E796E-EF4A-48AA-A893-DF0C224C5752}"
	ProjectSection(ProjectDependencies) = postProject
		{736ECE49-BC47-4F48-A503-01288C53897A} = {736ECE49-BC47-4F48-A503-01288C53897A}
		{C2FCA270-032D-4751-A0CC-EBD08E6D6D67} = {C2FCA270-032D-4751-A0CC-EBD08E6D6D67}
		{2A8CF57B-81ED-4641-88FD-9C35C79D8E92} = {2A8CF57B-81ED-4641-88FD-9C35C79D8E92}
		{76D94CB5-0E9D-4E65-9CFD-7B5650906203} = {76D94CB5-0E9D-4E65-9CFD-7B5650906203}
		{25AF27CA-7AF5-44A3-A6EF-6C4489F0378E} = {25AF27CA-7AF5-44A3-A6EF-6C4489F0378E}
	EndProjectSection
EndProject
Project("{FAE04EC0-301F-11D3-BF4B-00C04F79EFBC}") = "bART.Domain", "bART.Domain\bART.Domain.csproj", "{C2FCA270-032D-4751-A0CC-EBD08E6D6D67}"
EndProject
Project("{FAE04EC0-301F-11D3-BF4B-00C04F79EFBC}") = "bART.WebAPI.Models", "bART.WebAPI.Models\bART.WebAPI.Models.csproj", "{76D94CB5-0E9D-4E65-9CFD-7B5650906203}"
EndProject
Project("{FAE04EC0-301F-11D3-BF4B-00C04F79EFBC}") = "bART.IoC", "bART.IoC\bART.IoC.csproj", "{736ECE49-BC47-4F48-A503-01288C53897A}"
	ProjectSection(ProjectDependencies) = postProject
		{EE65EB23-DCAD-4936-B276-2672AC450629} = {EE65EB23-DCAD-4936-B276-2672AC450629}
		{3549495A-E7A4-443F-8FEB-94029B80DCE6} = {3549495A-E7A4-443F-8FEB-94029B80DCE6}
		{2A8CF57B-81ED-4641-88FD-9C35C79D8E92} = {2A8CF57B-81ED-4641-88FD-9C35C79D8E92}
	EndProjectSection
EndProject
Project("{FAE04EC0-301F-11D3-BF4B-00C04F79EFBC}") = "bART.Mappers", "bART.Mappers\bART.Mappers.csproj", "{3549495A-E7A4-443F-8FEB-94029B80DCE6}"
	ProjectSection(ProjectDependencies) = postProject
		{C2FCA270-032D-4751-A0CC-EBD08E6D6D67} = {C2FCA270-032D-4751-A0CC-EBD08E6D6D67}
		{76D94CB5-0E9D-4E65-9CFD-7B5650906203} = {76D94CB5-0E9D-4E65-9CFD-7B5650906203}
		{25AF27CA-7AF5-44A3-A6EF-6C4489F0378E} = {25AF27CA-7AF5-44A3-A6EF-6C4489F0378E}
	EndProjectSection
EndProject
Project("{FAE04EC0-301F-11D3-BF4B-00C04F79EFBC}") = "bART.Services", "bART.Services\bART.Services.csproj", "{EE65EB23-DCAD-4936-B276-2672AC450629}"
	ProjectSection(ProjectDependencies) = postProject
		{C2FCA270-032D-4751-A0CC-EBD08E6D6D67} = {C2FCA270-032D-4751-A0CC-EBD08E6D6D67}
		{2A8CF57B-81ED-4641-88FD-9C35C79D8E92} = {2A8CF57B-81ED-4641-88FD-9C35C79D8E92}
		{25AF27CA-7AF5-44A3-A6EF-6C4489F0378E} = {25AF27CA-7AF5-44A3-A6EF-6C4489F0378E}
	EndProjectSection
EndProject
Project("{FAE04EC0-301F-11D3-BF4B-00C04F79EFBC}") = "bART.Services.Interfaces", "bART.Services.Interfaces\bART.Services.Interfaces.csproj", "{2A8CF57B-81ED-4641-88FD-9C35C79D8E92}"
	ProjectSection(ProjectDependencies) = postProject
		{25AF27CA-7AF5-44A3-A6EF-6C4489F0378E} = {25AF27CA-7AF5-44A3-A6EF-6C4489F0378E}
	EndProjectSection
EndProject
Project("{FAE04EC0-301F-11D3-BF4B-00C04F79EFBC}") = "bART.Services.Models", "bART.Services.Models\bART.Services.Models.csproj", "{25AF27CA-7AF5-44A3-A6EF-6C4489F0378E}"
EndProject
Global
	GlobalSection(SolutionConfigurationPlatforms) = preSolution
		Debug|Any CPU = Debug|Any CPU
		Release|Any CPU = Release|Any CPU
	EndGlobalSection
	GlobalSection(ProjectConfigurationPlatforms) = postSolution
		{3D5E796E-EF4A-48AA-A893-DF0C224C5752}.Debug|Any CPU.ActiveCfg = Debug|Any CPU
		{3D5E796E-EF4A-48AA-A893-DF0C224C5752}.Debug|Any CPU.Build.0 = Debug|Any CPU
		{3D5E796E-EF4A-48AA-A893-DF0C224C5752}.Release|Any CPU.ActiveCfg = Release|Any CPU
		{3D5E796E-EF4A-48AA-A893-DF0C224C5752}.Release|Any CPU.Build.0 = Release|Any CPU
		{C2FCA270-032D-4751-A0CC-EBD08E6D6D67}.Debug|Any CPU.ActiveCfg = Debug|Any CPU
		{C2FCA270-032D-4751-A0CC-EBD08E6D6D67}.Debug|Any CPU.Build.0 = Debug|Any CPU
		{C2FCA270-032D-4751-A0CC-EBD08E6D6D67}.Release|Any CPU.ActiveCfg = Release|Any CPU
		{C2FCA270-032D-4751-A0CC-EBD08E6D6D67}.Release|Any CPU.Build.0 = Release|Any CPU
		{76D94CB5-0E9D-4E65-9CFD-7B5650906203}.Debug|Any CPU.ActiveCfg = Debug|Any CPU
		{76D94CB5-0E9D-4E65-9CFD-7B5650906203}.Debug|Any CPU.Build.0 = Debug|Any CPU
		{76D94CB5-0E9D-4E65-9CFD-7B5650906203}.Release|Any CPU.ActiveCfg = Release|Any CPU
		{76D94CB5-0E9D-4E65-9CFD-7B5650906203}.Release|Any CPU.Build.0 = Release|Any CPU
		{736ECE49-BC47-4F48-A503-01288C53897A}.Debug|Any CPU.ActiveCfg = Debug|Any CPU
		{736ECE49-BC47-4F48-A503-01288C53897A}.Debug|Any CPU.Build.0 = Debug|Any CPU
		{736ECE49-BC47-4F48-A503-01288C53897A}.Release|Any CPU.ActiveCfg = Release|Any CPU
		{736ECE49-BC47-4F48-A503-01288C53897A}.Release|Any CPU.Build.0 = Release|Any CPU
		{3549495A-E7A4-443F-8FEB-94029B80DCE6}.Debug|Any CPU.ActiveCfg = Debug|Any CPU
		{3549495A-E7A4-443F-8FEB-94029B80DCE6}.Debug|Any CPU.Build.0 = Debug|Any CPU
		{3549495A-E7A4-443F-8FEB-94029B80DCE6}.Release|Any CPU.ActiveCfg = Release|Any CPU
		{3549495A-E7A4-443F-8FEB-94029B80DCE6}.Release|Any CPU.Build.0 = Release|Any CPU
		{EE65EB23-DCAD-4936-B276-2672AC450629}.Debug|Any CPU.ActiveCfg = Debug|Any CPU
		{EE65EB23-DCAD-4936-B276-2672AC450629}.Debug|Any CPU.Build.0 = Debug|Any CPU
		{EE65EB23-DCAD-4936-B276-2672AC450629}.Release|Any CPU.ActiveCfg = Release|Any CPU
		{EE65EB23-DCAD-4936-B276-2672AC450629}.Release|Any CPU.Build.0 = Release|Any CPU
		{2A8CF57B-81ED-4641-88FD-9C35C79D8E92}.Debug|Any CPU.ActiveCfg = Debug|Any CPU
		{2A8CF57B-81ED-4641-88FD-9C35C79D8E92}.Debug|Any CPU.Build.0 = Debug|Any CPU
		{2A8CF57B-81ED-4641-88FD-9C35C79D8E92}.Release|Any CPU.ActiveCfg = Release|Any CPU
		{2A8CF57B-81ED-4641-88FD-9C35C79D8E92}.Release|Any CPU.Build.0 = Release|Any CPU
		{25AF27CA-7AF5-44A3-A6EF-6C4489F0378E}.Debug|Any CPU.ActiveCfg = Debug|Any CPU
		{25AF27CA-7AF5-44A3-A6EF-6C4489F0378E}.Debug|Any CPU.Build.0 = Debug|Any CPU
		{25AF27CA-7AF5-44A3-A6EF-6C4489F0378E}.Release|Any CPU.ActiveCfg = Release|Any CPU
		{25AF27CA-7AF5-44A3-A6EF-6C4489F0378E}.Release|Any CPU.Build.0 = Release|Any CPU
	EndGlobalSection
	GlobalSection(SolutionProperties) = preSolution
		HideSolutionNode = FALSE
	EndGlobalSection
	GlobalSection(ExtensibilityGlobals) = postSolution
		SolutionGuid = {9182CBED-7AB6-4E4F-AB28-D9747B643697}
	EndGlobalSection
EndGlobal
